// !$*UTF8*$!
{
	archiveVersion = 1;
	classes = {
	};
	objectVersion = 56;
	objects = {

/* Begin PBXBuildFile section */
		56C8A56729C99DE9003072A8 /* SystemTaskApp.swift in Sources */ = {isa = PBXBuildFile; fileRef = 56C8A56629C99DE9003072A8 /* SystemTaskApp.swift */; };
		56C8A56929C99DE9003072A8 /* Persistence.swift in Sources */ = {isa = PBXBuildFile; fileRef = 56C8A56829C99DE9003072A8 /* Persistence.swift */; };
		56C8A56C29C99DE9003072A8 /* SystemTask.xcdatamodeld in Sources */ = {isa = PBXBuildFile; fileRef = 56C8A56A29C99DE9003072A8 /* SystemTask.xcdatamodeld */; };
		56C8A56E29C99DE9003072A8 /* ContentView.swift in Sources */ = {isa = PBXBuildFile; fileRef = 56C8A56D29C99DE9003072A8 /* ContentView.swift */; };
		56C8A57029C99DEB003072A8 /* Assets.xcassets in Resources */ = {isa = PBXBuildFile; fileRef = 56C8A56F29C99DEB003072A8 /* Assets.xcassets */; };
		56C8A57429C99DEB003072A8 /* Preview Assets.xcassets in Resources */ = {isa = PBXBuildFile; fileRef = 56C8A57329C99DEB003072A8 /* Preview Assets.xcassets */; };
		56C8A57E29C99DEB003072A8 /* SystemTaskTests.swift in Sources */ = {isa = PBXBuildFile; fileRef = 56C8A57D29C99DEB003072A8 /* SystemTaskTests.swift */; };
		56C8A58829C99DEB003072A8 /* SystemTaskUITests.swift in Sources */ = {isa = PBXBuildFile; fileRef = 56C8A58729C99DEB003072A8 /* SystemTaskUITests.swift */; };
		56C8A58A29C99DEB003072A8 /* SystemTaskUITestsLaunchTests.swift in Sources */ = {isa = PBXBuildFile; fileRef = 56C8A58929C99DEB003072A8 /* SystemTaskUITestsLaunchTests.swift */; };
/* End PBXBuildFile section */

/* Begin PBXContainerItemProxy section */
		56C8A57A29C99DEB003072A8 /* PBXContainerItemProxy */ = {
			isa = PBXContainerItemProxy;
			containerPortal = 56C8A55B29C99DE9003072A8 /* Project object */;
			proxyType = 1;
			remoteGlobalIDString = 56C8A56229C99DE9003072A8;
			remoteInfo = SystemTask;
		};
		56C8A58429C99DEB003072A8 /* PBXContainerItemProxy */ = {
			isa = PBXContainerItemProxy;
			containerPortal = 56C8A55B29C99DE9003072A8 /* Project object */;
			proxyType = 1;
			remoteGlobalIDString = 56C8A56229C99DE9003072A8;
			remoteInfo = SystemTask;
		};
/* End PBXContainerItemProxy section */

/* Begin PBXFileReference section */
		56C8A56329C99DE9003072A8 /* SystemTask.app */ = {isa = PBXFileReference; explicitFileType = wrapper.application; includeInIndex = 0; path = SystemTask.app; sourceTree = BUILT_PRODUCTS_DIR; };
		56C8A56629C99DE9003072A8 /* SystemTaskApp.swift */ = {isa = PBXFileReference; lastKnownFileType = sourcecode.swift; path = SystemTaskApp.swift; sourceTree = "<group>"; };
		56C8A56829C99DE9003072A8 /* Persistence.swift */ = {isa = PBXFileReference; lastKnownFileType = sourcecode.swift; path = Persistence.swift; sourceTree = "<group>"; };
		56C8A56B29C99DE9003072A8 /* SystemTask.xcdatamodel */ = {isa = PBXFileReference; lastKnownFileType = wrapper.xcdatamodel; path = SystemTask.xcdatamodel; sourceTree = "<group>"; };
		56C8A56D29C99DE9003072A8 /* ContentView.swift */ = {isa = PBXFileReference; lastKnownFileType = sourcecode.swift; path = ContentView.swift; sourceTree = "<group>"; };
		56C8A56F29C99DEB003072A8 /* Assets.xcassets */ = {isa = PBXFileReference; lastKnownFileType = folder.assetcatalog; path = Assets.xcassets; sourceTree = "<group>"; };
		56C8A57129C99DEB003072A8 /* SystemTask.entitlements */ = {isa = PBXFileReference; lastKnownFileType = text.plist.entitlements; path = SystemTask.entitlements; sourceTree = "<group>"; };
		56C8A57329C99DEB003072A8 /* Preview Assets.xcassets */ = {isa = PBXFileReference; lastKnownFileType = folder.assetcatalog; path = "Preview Assets.xcassets"; sourceTree = "<group>"; };
		56C8A57929C99DEB003072A8 /* SystemTaskTests.xctest */ = {isa = PBXFileReference; explicitFileType = wrapper.cfbundle; includeInIndex = 0; path = SystemTaskTests.xctest; sourceTree = BUILT_PRODUCTS_DIR; };
		56C8A57D29C99DEB003072A8 /* SystemTaskTests.swift */ = {isa = PBXFileReference; lastKnownFileType = sourcecode.swift; path = SystemTaskTests.swift; sourceTree = "<group>"; };
		56C8A58329C99DEB003072A8 /* SystemTaskUITests.xctest */ = {isa = PBXFileReference; explicitFileType = wrapper.cfbundle; includeInIndex = 0; path = SystemTaskUITests.xctest; sourceTree = BUILT_PRODUCTS_DIR; };
		56C8A58729C99DEB003072A8 /* SystemTaskUITests.swift */ = {isa = PBXFileReference; lastKnownFileType = sourcecode.swift; path = SystemTaskUITests.swift; sourceTree = "<group>"; };
		56C8A58929C99DEB003072A8 /* SystemTaskUITestsLaunchTests.swift */ = {isa = PBXFileReference; lastKnownFileType = sourcecode.swift; path = SystemTaskUITestsLaunchTests.swift; sourceTree = "<group>"; };
/* End PBXFileReference section */

/* Begin PBXFrameworksBuildPhase section */
		56C8A56029C99DE9003072A8 /* Frameworks */ = {
			isa = PBXFrameworksBuildPhase;
			buildActionMask = 2147483647;
			files = (
			);
			runOnlyForDeploymentPostprocessing = 0;
		};
		56C8A57629C99DEB003072A8 /* Frameworks */ = {
			isa = PBXFrameworksBuildPhase;
			buildActionMask = 2147483647;
			files = (
			);
			runOnlyForDeploymentPostprocessing = 0;
		};
		56C8A58029C99DEB003072A8 /* Frameworks */ = {
			isa = PBXFrameworksBuildPhase;
			buildActionMask = 2147483647;
			files = (
			);
			runOnlyForDeploymentPostprocessing = 0;
		};
/* End PBXFrameworksBuildPhase section */

/* Begin PBXGroup section */
		56C8A55A29C99DE9003072A8 = {
			isa = PBXGroup;
			children = (
				56C8A56529C99DE9003072A8 /* SystemTask */,
				56C8A57C29C99DEB003072A8 /* SystemTaskTests */,
				56C8A58629C99DEB003072A8 /* SystemTaskUITests */,
				56C8A56429C99DE9003072A8 /* Products */,
			);
			sourceTree = "<group>";
		};
		56C8A56429C99DE9003072A8 /* Products */ = {
			isa = PBXGroup;
			children = (
				56C8A56329C99DE9003072A8 /* SystemTask.app */,
				56C8A57929C99DEB003072A8 /* SystemTaskTests.xctest */,
				56C8A58329C99DEB003072A8 /* SystemTaskUITests.xctest */,
			);
			name = Products;
			sourceTree = "<group>";
		};
		56C8A56529C99DE9003072A8 /* SystemTask */ = {
			isa = PBXGroup;
			children = (
				56C8A56629C99DE9003072A8 /* SystemTaskApp.swift */,
				56C8A56829C99DE9003072A8 /* Persistence.swift */,
				56C8A56D29C99DE9003072A8 /* ContentView.swift */,
				56C8A56F29C99DEB003072A8 /* Assets.xcassets */,
				56C8A57129C99DEB003072A8 /* SystemTask.entitlements */,
				56C8A56A29C99DE9003072A8 /* SystemTask.xcdatamodeld */,
				56C8A57229C99DEB003072A8 /* Preview Content */,
			);
			path = SystemTask;
			sourceTree = "<group>";
		};
		56C8A57229C99DEB003072A8 /* Preview Content */ = {
			isa = PBXGroup;
			children = (
				56C8A57329C99DEB003072A8 /* Preview Assets.xcassets */,
			);
			path = "Preview Content";
			sourceTree = "<group>";
		};
		56C8A57C29C99DEB003072A8 /* SystemTaskTests */ = {
			isa = PBXGroup;
			children = (
				56C8A57D29C99DEB003072A8 /* SystemTaskTests.swift */,
			);
			path = SystemTaskTests;
			sourceTree = "<group>";
		};
		56C8A58629C99DEB003072A8 /* SystemTaskUITests */ = {
			isa = PBXGroup;
			children = (
				56C8A58729C99DEB003072A8 /* SystemTaskUITests.swift */,
				56C8A58929C99DEB003072A8 /* SystemTaskUITestsLaunchTests.swift */,
			);
			path = SystemTaskUITests;
			sourceTree = "<group>";
		};
/* End PBXGroup section */

/* Begin PBXNativeTarget section */
		56C8A56229C99DE9003072A8 /* SystemTask */ = {
			isa = PBXNativeTarget;
			buildConfigurationList = 56C8A58D29C99DEB003072A8 /* Build configuration list for PBXNativeTarget "SystemTask" */;
			buildPhases = (
				56C8A55F29C99DE9003072A8 /* Sources */,
				56C8A56029C99DE9003072A8 /* Frameworks */,
				56C8A56129C99DE9003072A8 /* Resources */,
			);
			buildRules = (
			);
			dependencies = (
			);
			name = SystemTask;
			productName = SystemTask;
			productReference = 56C8A56329C99DE9003072A8 /* SystemTask.app */;
			productType = "com.apple.product-type.application";
		};
		56C8A57829C99DEB003072A8 /* SystemTaskTests */ = {
			isa = PBXNativeTarget;
			buildConfigurationList = 56C8A59029C99DEB003072A8 /* Build configuration list for PBXNativeTarget "SystemTaskTests" */;
			buildPhases = (
				56C8A57529C99DEB003072A8 /* Sources */,
				56C8A57629C99DEB003072A8 /* Frameworks */,
				56C8A57729C99DEB003072A8 /* Resources */,
			);
			buildRules = (
			);
			dependencies = (
				56C8A57B29C99DEB003072A8 /* PBXTargetDependency */,
			);
			name = SystemTaskTests;
			productName = SystemTaskTests;
			productReference = 56C8A57929C99DEB003072A8 /* SystemTaskTests.xctest */;
			productType = "com.apple.product-type.bundle.unit-test";
		};
		56C8A58229C99DEB003072A8 /* SystemTaskUITests */ = {
			isa = PBXNativeTarget;
			buildConfigurationList = 56C8A59329C99DEB003072A8 /* Build configuration list for PBXNativeTarget "SystemTaskUITests" */;
			buildPhases = (
				56C8A57F29C99DEB003072A8 /* Sources */,
				56C8A58029C99DEB003072A8 /* Frameworks */,
				56C8A58129C99DEB003072A8 /* Resources */,
			);
			buildRules = (
			);
			dependencies = (
				56C8A58529C99DEB003072A8 /* PBXTargetDependency */,
			);
			name = SystemTaskUITests;
			productName = SystemTaskUITests;
			productReference = 56C8A58329C99DEB003072A8 /* SystemTaskUITests.xctest */;
			productType = "com.apple.product-type.bundle.ui-testing";
		};
/* End PBXNativeTarget section */

/* Begin PBXProject section */
		56C8A55B29C99DE9003072A8 /* Project object */ = {
			isa = PBXProject;
			attributes = {
				BuildIndependentTargetsInParallel = 1;
				LastSwiftUpdateCheck = 1420;
				LastUpgradeCheck = 1420;
				TargetAttributes = {
					56C8A56229C99DE9003072A8 = {
						CreatedOnToolsVersion = 14.2;
					};
					56C8A57829C99DEB003072A8 = {
						CreatedOnToolsVersion = 14.2;
						TestTargetID = 56C8A56229C99DE9003072A8;
					};
					56C8A58229C99DEB003072A8 = {
						CreatedOnToolsVersion = 14.2;
						TestTargetID = 56C8A56229C99DE9003072A8;
					};
				};
			};
			buildConfigurationList = 56C8A55E29C99DE9003072A8 /* Build configuration list for PBXProject "SystemTask" */;
			compatibilityVersion = "Xcode 14.0";
			developmentRegion = en;
			hasScannedForEncodings = 0;
			knownRegions = (
				en,
				Base,
			);
			mainGroup = 56C8A55A29C99DE9003072A8;
			productRefGroup = 56C8A56429C99DE9003072A8 /* Products */;
			projectDirPath = "";
			projectRoot = "";
			targets = (
				56C8A56229C99DE9003072A8 /* SystemTask */,
				56C8A57829C99DEB003072A8 /* SystemTaskTests */,
				56C8A58229C99DEB003072A8 /* SystemTaskUITests */,
			);
		};
/* End PBXProject section */

/* Begin PBXResourcesBuildPhase section */
		56C8A56129C99DE9003072A8 /* Resources */ = {
			isa = PBXResourcesBuildPhase;
			buildActionMask = 2147483647;
			files = (
				56C8A57429C99DEB003072A8 /* Preview Assets.xcassets in Resources */,
				56C8A57029C99DEB003072A8 /* Assets.xcassets in Resources */,
			);
			runOnlyForDeploymentPostprocessing = 0;
		};
		56C8A57729C99DEB003072A8 /* Resources */ = {
			isa = PBXResourcesBuildPhase;
			buildActionMask = 2147483647;
			files = (
			);
			runOnlyForDeploymentPostprocessing = 0;
		};
		56C8A58129C99DEB003072A8 /* Resources */ = {
			isa = PBXResourcesBuildPhase;
			buildActionMask = 2147483647;
			files = (
			);
			runOnlyForDeploymentPostprocessing = 0;
		};
/* End PBXResourcesBuildPhase section */

/* Begin PBXSourcesBuildPhase section */
		56C8A55F29C99DE9003072A8 /* Sources */ = {
			isa = PBXSourcesBuildPhase;
			buildActionMask = 2147483647;
			files = (
				56C8A56729C99DE9003072A8 /* SystemTaskApp.swift in Sources */,
				56C8A56C29C99DE9003072A8 /* SystemTask.xcdatamodeld in Sources */,
				56C8A56E29C99DE9003072A8 /* ContentView.swift in Sources */,
				56C8A56929C99DE9003072A8 /* Persistence.swift in Sources */,
			);
			runOnlyForDeploymentPostprocessing = 0;
		};
		56C8A57529C99DEB003072A8 /* Sources */ = {
			isa = PBXSourcesBuildPhase;
			buildActionMask = 2147483647;
			files = (
				56C8A57E29C99DEB003072A8 /* SystemTaskTests.swift in Sources */,
			);
			runOnlyForDeploymentPostprocessing = 0;
		};
		56C8A57F29C99DEB003072A8 /* Sources */ = {
			isa = PBXSourcesBuildPhase;
			buildActionMask = 2147483647;
			files = (
				56C8A58A29C99DEB003072A8 /* SystemTaskUITestsLaunchTests.swift in Sources */,
				56C8A58829C99DEB003072A8 /* SystemTaskUITests.swift in Sources */,
			);
			runOnlyForDeploymentPostprocessing = 0;
		};
/* End PBXSourcesBuildPhase section */

/* Begin PBXTargetDependency section */
		56C8A57B29C99DEB003072A8 /* PBXTargetDependency */ = {
			isa = PBXTargetDependency;
			target = 56C8A56229C99DE9003072A8 /* SystemTask */;
			targetProxy = 56C8A57A29C99DEB003072A8 /* PBXContainerItemProxy */;
		};
		56C8A58529C99DEB003072A8 /* PBXTargetDependency */ = {
			isa = PBXTargetDependency;
			target = 56C8A56229C99DE9003072A8 /* SystemTask */;
			targetProxy = 56C8A58429C99DEB003072A8 /* PBXContainerItemProxy */;
		};
/* End PBXTargetDependency section */

/* Begin XCBuildConfiguration section */
		56C8A58B29C99DEB003072A8 /* Debug */ = {
			isa = XCBuildConfiguration;
			buildSettings = {
				ALWAYS_SEARCH_USER_PATHS = NO;
				CLANG_ANALYZER_NONNULL = YES;
				CLANG_ANALYZER_NUMBER_OBJECT_CONVERSION = YES_AGGRESSIVE;
				CLANG_CXX_LANGUAGE_STANDARD = "gnu++20";
				CLANG_ENABLE_MODULES = YES;
				CLANG_ENABLE_OBJC_ARC = YES;
				CLANG_ENABLE_OBJC_WEAK = YES;
				CLANG_WARN_BLOCK_CAPTURE_AUTORELEASING = YES;
				CLANG_WARN_BOOL_CONVERSION = YES;
				CLANG_WARN_COMMA = YES;
				CLANG_WARN_CONSTANT_CONVERSION = YES;
				CLANG_WARN_DEPRECATED_OBJC_IMPLEMENTATIONS = YES;
				CLANG_WARN_DIRECT_OBJC_ISA_USAGE = YES_ERROR;
				CLANG_WARN_DOCUMENTATION_COMMENTS = YES;
				CLANG_WARN_EMPTY_BODY = YES;
				CLANG_WARN_ENUM_CONVERSION = YES;
				CLANG_WARN_INFINITE_RECURSION = YES;
				CLANG_WARN_INT_CONVERSION = YES;
				CLANG_WARN_NON_LITERAL_NULL_CONVERSION = YES;
				CLANG_WARN_OBJC_IMPLICIT_RETAIN_SELF = YES;
				CLANG_WARN_OBJC_LITERAL_CONVERSION = YES;
				CLANG_WARN_OBJC_ROOT_CLASS = YES_ERROR;
				CLANG_WARN_QUOTED_INCLUDE_IN_FRAMEWORK_HEADER = YES;
				CLANG_WARN_RANGE_LOOP_ANALYSIS = YES;
				CLANG_WARN_STRICT_PROTOTYPES = YES;
				CLANG_WARN_SUSPICIOUS_MOVE = YES;
				CLANG_WARN_UNGUARDED_AVAILABILITY = YES_AGGRESSIVE;
				CLANG_WARN_UNREACHABLE_CODE = YES;
				CLANG_WARN__DUPLICATE_METHOD_MATCH = YES;
				COPY_PHASE_STRIP = NO;
				DEBUG_INFORMATION_FORMAT = dwarf;
				ENABLE_STRICT_OBJC_MSGSEND = YES;
				ENABLE_TESTABILITY = YES;
				GCC_C_LANGUAGE_STANDARD = gnu11;
				GCC_DYNAMIC_NO_PIC = NO;
				GCC_NO_COMMON_BLOCKS = YES;
				GCC_OPTIMIZATION_LEVEL = 0;
				GCC_PREPROCESSOR_DEFINITIONS = (
					"DEBUG=1",
					"$(inherited)",
				);
				GCC_WARN_64_TO_32_BIT_CONVERSION = YES;
				GCC_WARN_ABOUT_RETURN_TYPE = YES_ERROR;
				GCC_WARN_UNDECLARED_SELECTOR = YES;
				GCC_WARN_UNINITIALIZED_AUTOS = YES_AGGRESSIVE;
				GCC_WARN_UNUSED_FUNCTION = YES;
				GCC_WARN_UNUSED_VARIABLE = YES;
				MTL_ENABLE_DEBUG_INFO = INCLUDE_SOURCE;
				MTL_FAST_MATH = YES;
				ONLY_ACTIVE_ARCH = YES;
				SWIFT_ACTIVE_COMPILATION_CONDITIONS = DEBUG;
				SWIFT_OPTIMIZATION_LEVEL = "-Onone";
			};
			name = Debug;
		};
		56C8A58C29C99DEB003072A8 /* Release */ = {
			isa = XCBuildConfiguration;
			buildSettings = {
				ALWAYS_SEARCH_USER_PATHS = NO;
				CLANG_ANALYZER_NONNULL = YES;
				CLANG_ANALYZER_NUMBER_OBJECT_CONVERSION = YES_AGGRESSIVE;
				CLANG_CXX_LANGUAGE_STANDARD = "gnu++20";
				CLANG_ENABLE_MODULES = YES;
				CLANG_ENABLE_OBJC_ARC = YES;
				CLANG_ENABLE_OBJC_WEAK = YES;
				CLANG_WARN_BLOCK_CAPTURE_AUTORELEASING = YES;
				CLANG_WARN_BOOL_CONVERSION = YES;
				CLANG_WARN_COMMA = YES;
				CLANG_WARN_CONSTANT_CONVERSION = YES;
				CLANG_WARN_DEPRECATED_OBJC_IMPLEMENTATIONS = YES;
				CLANG_WARN_DIRECT_OBJC_ISA_USAGE = YES_ERROR;
				CLANG_WARN_DOCUMENTATION_COMMENTS = YES;
				CLANG_WARN_EMPTY_BODY = YES;
				CLANG_WARN_ENUM_CONVERSION = YES;
				CLANG_WARN_INFINITE_RECURSION = YES;
				CLANG_WARN_INT_CONVERSION = YES;
				CLANG_WARN_NON_LITERAL_NULL_CONVERSION = YES;
				CLANG_WARN_OBJC_IMPLICIT_RETAIN_SELF = YES;
				CLANG_WARN_OBJC_LITERAL_CONVERSION = YES;
				CLANG_WARN_OBJC_ROOT_CLASS = YES_ERROR;
				CLANG_WARN_QUOTED_INCLUDE_IN_FRAMEWORK_HEADER = YES;
				CLANG_WARN_RANGE_LOOP_ANALYSIS = YES;
				CLANG_WARN_STRICT_PROTOTYPES = YES;
				CLANG_WARN_SUSPICIOUS_MOVE = YES;
				CLANG_WARN_UNGUARDED_AVAILABILITY = YES_AGGRESSIVE;
				CLANG_WARN_UNREACHABLE_CODE = YES;
				CLANG_WARN__DUPLICATE_METHOD_MATCH = YES;
				COPY_PHASE_STRIP = NO;
				DEBUG_INFORMATION_FORMAT = "dwarf-with-dsym";
				ENABLE_NS_ASSERTIONS = NO;
				ENABLE_STRICT_OBJC_MSGSEND = YES;
				GCC_C_LANGUAGE_STANDARD = gnu11;
				GCC_NO_COMMON_BLOCKS = YES;
				GCC_WARN_64_TO_32_BIT_CONVERSION = YES;
				GCC_WARN_ABOUT_RETURN_TYPE = YES_ERROR;
				GCC_WARN_UNDECLARED_SELECTOR = YES;
				GCC_WARN_UNINITIALIZED_AUTOS = YES_AGGRESSIVE;
				GCC_WARN_UNUSED_FUNCTION = YES;
				GCC_WARN_UNUSED_VARIABLE = YES;
				MTL_ENABLE_DEBUG_INFO = NO;
				MTL_FAST_MATH = YES;
				SWIFT_COMPILATION_MODE = wholemodule;
				SWIFT_OPTIMIZATION_LEVEL = "-O";
			};
			name = Release;
		};
		56C8A58E29C99DEB003072A8 /* Debug */ = {
			isa = XCBuildConfiguration;
			buildSettings = {
				ASSETCATALOG_COMPILER_APPICON_NAME = AppIcon;
				ASSETCATALOG_COMPILER_GLOBAL_ACCENT_COLOR_NAME = AccentColor;
				CODE_SIGN_ENTITLEMENTS = SystemTask/SystemTask.entitlements;
				CODE_SIGN_STYLE = Automatic;
				CURRENT_PROJECT_VERSION = 1;
				DEVELOPMENT_ASSET_PATHS = "\"SystemTask/Preview Content\"";
				DEVELOPMENT_TEAM = R246FL6B5P;
				ENABLE_HARDENED_RUNTIME = YES;
				ENABLE_PREVIEWS = YES;
				GENERATE_INFOPLIST_FILE = YES;
				"INFOPLIST_KEY_UIApplicationSceneManifest_Generation[sdk=iphoneos*]" = YES;
				"INFOPLIST_KEY_UIApplicationSceneManifest_Generation[sdk=iphonesimulator*]" = YES;
				"INFOPLIST_KEY_UIApplicationSupportsIndirectInputEvents[sdk=iphoneos*]" = YES;
				"INFOPLIST_KEY_UIApplicationSupportsIndirectInputEvents[sdk=iphonesimulator*]" = YES;
				"INFOPLIST_KEY_UILaunchScreen_Generation[sdk=iphoneos*]" = YES;
				"INFOPLIST_KEY_UILaunchScreen_Generation[sdk=iphonesimulator*]" = YES;
				"INFOPLIST_KEY_UIStatusBarStyle[sdk=iphoneos*]" = UIStatusBarStyleDefault;
				"INFOPLIST_KEY_UIStatusBarStyle[sdk=iphonesimulator*]" = UIStatusBarStyleDefault;
				INFOPLIST_KEY_UISupportedInterfaceOrientations_iPad = "UIInterfaceOrientationPortrait UIInterfaceOrientationPortraitUpsideDown UIInterfaceOrientationLandscapeLeft UIInterfaceOrientationLandscapeRight";
				INFOPLIST_KEY_UISupportedInterfaceOrientations_iPhone = "UIInterfaceOrientationPortrait UIInterfaceOrientationLandscapeLeft UIInterfaceOrientationLandscapeRight";
				IPHONEOS_DEPLOYMENT_TARGET = 16.2;
				LD_RUNPATH_SEARCH_PATHS = "@executable_path/Frameworks";
				"LD_RUNPATH_SEARCH_PATHS[sdk=macosx*]" = "@executable_path/../Frameworks";
				MACOSX_DEPLOYMENT_TARGET = 13.1;
				MARKETING_VERSION = 1.0;
				PRODUCT_BUNDLE_IDENTIFIER = com.myself.SystemTask;
				PRODUCT_NAME = "$(TARGET_NAME)";
				SDKROOT = auto;
				SUPPORTED_PLATFORMS = "iphoneos iphonesimulator macosx";
				SWIFT_EMIT_LOC_STRINGS = YES;
				SWIFT_VERSION = 5.0;
				TARGETED_DEVICE_FAMILY = "1,2";
			};
			name = Debug;
		};
		56C8A58F29C99DEB003072A8 /* Release */ = {
			isa = XCBuildConfiguration;
			buildSettings = {
				ASSETCATALOG_COMPILER_APPICON_NAME = AppIcon;
				ASSETCATALOG_COMPILER_GLOBAL_ACCENT_COLOR_NAME = AccentColor;
				CODE_SIGN_ENTITLEMENTS = SystemTask/SystemTask.entitlements;
				CODE_SIGN_STYLE = Automatic;
				CURRENT_PROJECT_VERSION = 1;
				DEVELOPMENT_ASSET_PATHS = "\"SystemTask/Preview Content\"";
				DEVELOPMENT_TEAM = R246FL6B5P;
				ENABLE_HARDENED_RUNTIME = YES;
				ENABLE_PREVIEWS = YES;
				GENERATE_INFOPLIST_FILE = YES;
				"INFOPLIST_KEY_UIApplicationSceneManifest_Generation[sdk=iphoneos*]" = YES;
				"INFOPLIST_KEY_UIApplicationSceneManifest_Generation[sdk=iphonesimulator*]" = YES;
				"INFOPLIST_KEY_UIApplicationSupportsIndirectInputEvents[sdk=iphoneos*]" = YES;
				"INFOPLIST_KEY_UIApplicationSupportsIndirectInputEvents[sdk=iphonesimulator*]" = YES;
				"INFOPLIST_KEY_UILaunchScreen_Generation[sdk=iphoneos*]" = YES;
				"INFOPLIST_KEY_UILaunchScreen_Generation[sdk=iphonesimulator*]" = YES;
				"INFOPLIST_KEY_UIStatusBarStyle[sdk=iphoneos*]" = UIStatusBarStyleDefault;
				"INFOPLIST_KEY_UIStatusBarStyle[sdk=iphonesimulator*]" = UIStatusBarStyleDefault;
				INFOPLIST_KEY_UISupportedInterfaceOrientations_iPad = "UIInterfaceOrientationPortrait UIInterfaceOrientationPortraitUpsideDown UIInterfaceOrientationLandscapeLeft UIInterfaceOrientationLandscapeRight";
				INFOPLIST_KEY_UISupportedInterfaceOrientations_iPhone = "UIInterfaceOrientationPortrait UIInterfaceOrientationLandscapeLeft UIInterfaceOrientationLandscapeRight";
				IPHONEOS_DEPLOYMENT_TARGET = 16.2;
				LD_RUNPATH_SEARCH_PATHS = "@executable_path/Frameworks";
				"LD_RUNPATH_SEARCH_PATHS[sdk=macosx*]" = "@executable_path/../Frameworks";
				MACOSX_DEPLOYMENT_TARGET = 13.1;
				MARKETING_VERSION = 1.0;
				PRODUCT_BUNDLE_IDENTIFIER = com.myself.SystemTask;
				PRODUCT_NAME = "$(TARGET_NAME)";
				SDKROOT = auto;
				SUPPORTED_PLATFORMS = "iphoneos iphonesimulator macosx";
				SWIFT_EMIT_LOC_STRINGS = YES;
				SWIFT_VERSION = 5.0;
				TARGETED_DEVICE_FAMILY = "1,2";
			};
			name = Release;
		};
		56C8A59129C99DEB003072A8 /* Debug */ = {
			isa = XCBuildConfiguration;
			buildSettings = {
				ALWAYS_EMBED_SWIFT_STANDARD_LIBRARIES = YES;
				BUNDLE_LOADER = "$(TEST_HOST)";
				CODE_SIGN_STYLE = Automatic;
				CURRENT_PROJECT_VERSION = 1;
				DEVELOPMENT_TEAM = R246FL6B5P;
				GENERATE_INFOPLIST_FILE = YES;
				IPHONEOS_DEPLOYMENT_TARGET = 16.2;
				MACOSX_DEPLOYMENT_TARGET = 13.1;
				MARKETING_VERSION = 1.0;
				PRODUCT_BUNDLE_IDENTIFIER = com.myself.SystemTaskTests;
				PRODUCT_NAME = "$(TARGET_NAME)";
				SDKROOT = auto;
				SUPPORTED_PLATFORMS = "iphoneos iphonesimulator macosx";
				SWIFT_EMIT_LOC_STRINGS = NO;
				SWIFT_VERSION = 5.0;
				TARGETED_DEVICE_FAMILY = "1,2";
				TEST_HOST = "$(BUILT_PRODUCTS_DIR)/SystemTask.app/$(BUNDLE_EXECUTABLE_FOLDER_PATH)/SystemTask";
			};
			name = Debug;
		};
		56C8A59229C99DEB003072A8 /* Release */ = {
			isa = XCBuildConfiguration;
			buildSettings = {
				ALWAYS_EMBED_SWIFT_STANDARD_LIBRARIES = YES;
				BUNDLE_LOADER = "$(TEST_HOST)";
				CODE_SIGN_STYLE = Automatic;
				CURRENT_PROJECT_VERSION = 1;
				DEVELOPMENT_TEAM = R246FL6B5P;
				GENERATE_INFOPLIST_FILE = YES;
				IPHONEOS_DEPLOYMENT_TARGET = 16.2;
				MACOSX_DEPLOYMENT_TARGET = 13.1;
				MARKETING_VERSION = 1.0;
				PRODUCT_BUNDLE_IDENTIFIER = com.myself.SystemTaskTests;
				PRODUCT_NAME = "$(TARGET_NAME)";
				SDKROOT = auto;
				SUPPORTED_PLATFORMS = "iphoneos iphonesimulator macosx";
				SWIFT_EMIT_LOC_STRINGS = NO;
				SWIFT_VERSION = 5.0;
				TARGETED_DEVICE_FAMILY = "1,2";
				TEST_HOST = "$(BUILT_PRODUCTS_DIR)/SystemTask.app/$(BUNDLE_EXECUTABLE_FOLDER_PATH)/SystemTask";
			};
			name = Release;
		};
		56C8A59429C99DEB003072A8 /* Debug */ = {
			isa = XCBuildConfiguration;
			buildSettings = {
				ALWAYS_EMBED_SWIFT_STANDARD_LIBRARIES = YES;
				CODE_SIGN_STYLE = Automatic;
				CURRENT_PROJECT_VERSION = 1;
				DEVELOPMENT_TEAM = R246FL6B5P;
				GENERATE_INFOPLIST_FILE = YES;
				IPHONEOS_DEPLOYMENT_TARGET = 16.2;
				MACOSX_DEPLOYMENT_TARGET = 13.1;
				MARKETING_VERSION = 1.0;
				PRODUCT_BUNDLE_IDENTIFIER = com.myself.SystemTaskUITests;
				PRODUCT_NAME = "$(TARGET_NAME)";
				SDKROOT = auto;
				SUPPORTED_PLATFORMS = "iphoneos iphonesimulator macosx";
				SWIFT_EMIT_LOC_STRINGS = NO;
				SWIFT_VERSION = 5.0;
				TARGETED_DEVICE_FAMILY = "1,2";
				TEST_TARGET_NAME = SystemTask;
			};
			name = Debug;
		};
		56C8A59529C99DEB003072A8 /* Release */ = {
			isa = XCBuildConfiguration;
			buildSettings = {
				ALWAYS_EMBED_SWIFT_STANDARD_LIBRARIES = YES;
				CODE_SIGN_STYLE = Automatic;
				CURRENT_PROJECT_VERSION = 1;
				DEVELOPMENT_TEAM = R246FL6B5P;
				GENERATE_INFOPLIST_FILE = YES;
				IPHONEOS_DEPLOYMENT_TARGET = 16.2;
				MACOSX_DEPLOYMENT_TARGET = 13.1;
				MARKETING_VERSION = 1.0;
				PRODUCT_BUNDLE_IDENTIFIER = com.myself.SystemTaskUITests;
				PRODUCT_NAME = "$(TARGET_NAME)";
				SDKROOT = auto;
				SUPPORTED_PLATFORMS = "iphoneos iphonesimulator macosx";
				SWIFT_EMIT_LOC_STRINGS = NO;
				SWIFT_VERSION = 5.0;
				TARGETED_DEVICE_FAMILY = "1,2";
				TEST_TARGET_NAME = SystemTask;
			};
			name = Release;
		};
/* End XCBuildConfiguration section */

/* Begin XCConfigurationList section */
		56C8A55E29C99DE9003072A8 /* Build configuration list for PBXProject "SystemTask" */ = {
			isa = XCConfigurationList;
			buildConfigurations = (
				56C8A58B29C99DEB003072A8 /* Debug */,
				56C8A58C29C99DEB003072A8 /* Release */,
			);
			defaultConfigurationIsVisible = 0;
			defaultConfigurationName = Release;
		};
		56C8A58D29C99DEB003072A8 /* Build configuration list for PBXNativeTarget "SystemTask" */ = {
			isa = XCConfigurationList;
			buildConfigurations = (
				56C8A58E29C99DEB003072A8 /* Debug */,
				56C8A58F29C99DEB003072A8 /* Release */,
			);
			defaultConfigurationIsVisible = 0;
			defaultConfigurationName = Release;
		};
		56C8A59029C99DEB003072A8 /* Build configuration list for PBXNativeTarget "SystemTaskTests" */ = {
			isa = XCConfigurationList;
			buildConfigurations = (
				56C8A59129C99DEB003072A8 /* Debug */,
				56C8A59229C99DEB003072A8 /* Release */,
			);
			defaultConfigurationIsVisible = 0;
			defaultConfigurationName = Release;
		};
		56C8A59329C99DEB003072A8 /* Build configuration list for PBXNativeTarget "SystemTaskUITests" */ = {
			isa = XCConfigurationList;
			buildConfigurations = (
				56C8A59429C99DEB003072A8 /* Debug */,
				56C8A59529C99DEB003072A8 /* Release */,
			);
			defaultConfigurationIsVisible = 0;
			defaultConfigurationName = Release;
		};
/* End XCConfigurationList section */

/* Begin XCVersionGroup section */
		56C8A56A29C99DE9003072A8 /* SystemTask.xcdatamodeld */ = {
			isa = XCVersionGroup;
			children = (
				56C8A56B29C99DE9003072A8 /* SystemTask.xcdatamodel */,
			);
			currentVersion = 56C8A56B29C99DE9003072A8 /* SystemTask.xcdatamodel */;
			path = SystemTask.xcdatamodeld;
			sourceTree = "<group>";
			versionGroupType = wrapper.xcdatamodel;
		};
/* End XCVersionGroup section */
	};
	rootObject = 56C8A55B29C99DE9003072A8 /* Project object */;
}
